
Microsoft Visual Studio Solution File, Format Version 12.00
# Visual Studio 15
VisualStudioVersion = 15.0.28124.53
MinimumVisualStudioVersion = 10.0.40219.1
Project("{9A19103F-16F7-4668-BE54-9A1E7A4F7556}") = "blazor-portfolio", "blazor-portfolio.csproj", "{FD537C5A-8D4D-470D-AA59-F275A32CC815}"
EndProject
Global
	GlobalSection(SolutionConfigurationPlatforms) = preSolution
		Debug|Any CPU = Debug|Any CPU
		Release|Any CPU = Release|Any CPU
	EndGlobalSection
	GlobalSection(ProjectConfigurationPlatforms) = postSolution
		{FD537C5A-8D4D-470D-AA59-F275A32CC815}.Debug|Any CPU.ActiveCfg = Debug|Any CPU
		{FD537C5A-8D4D-470D-AA59-F275A32CC815}.Debug|Any CPU.Build.0 = Debug|Any CPU
		{FD537C5A-8D4D-470D-AA59-F275A32CC815}.Release|Any CPU.ActiveCfg = Release|Any CPU
		{FD537C5A-8D4D-470D-AA59-F275A32CC815}.Release|Any CPU.Build.0 = Release|Any CPU
	EndGlobalSection
	GlobalSection(SolutionProperties) = preSolution
		HideSolutionNode = FALSE
	EndGlobalSection
	GlobalSection(ExtensibilityGlobals) = postSolution
		SolutionGuid = {488741A8-9DAC-43AD-8FA5-A452AFE6DF46}
	EndGlobalSection
EndGlobal
